
Microsoft Visual Studio Solution File, Format Version 12.00
# Visual Studio 2013
VisualStudioVersion = 12.0.21005.1
MinimumVisualStudioVersion = 10.0.40219.1
Project("{FAE04EC0-301F-11D3-BF4B-00C04F79EFBC}") = "PetShopScheduler", "PetShopScheduler\PetShopScheduler.csproj", "{0430DD20-C632-4948-B609-0237E988DA73}"
EndProject
Project("{FAE04EC0-301F-11D3-BF4B-00C04F79EFBC}") = "PetShopScheduler.Tests", "PetShopScheduler.Tests\PetShopScheduler.Tests.csproj", "{5182F343-84B1-4846-BF26-AF9CA0B7BFD4}"
EndProject
Global
	GlobalSection(SolutionConfigurationPlatforms) = preSolution
		Debug|Any CPU = Debug|Any CPU
		Release|Any CPU = Release|Any CPU
	EndGlobalSection
	GlobalSection(ProjectConfigurationPlatforms) = postSolution
		{0430DD20-C632-4948-B609-0237E988DA73}.Debug|Any CPU.ActiveCfg = Debug|Any CPU
		{0430DD20-C632-4948-B609-0237E988DA73}.Debug|Any CPU.Build.0 = Debug|Any CPU
		{0430DD20-C632-4948-B609-0237E988DA73}.Release|Any CPU.ActiveCfg = Release|Any CPU
		{0430DD20-C632-4948-B609-0237E988DA73}.Release|Any CPU.Build.0 = Release|Any CPU
		{5182F343-84B1-4846-BF26-AF9CA0B7BFD4}.Debug|Any CPU.ActiveCfg = Debug|Any CPU
		{5182F343-84B1-4846-BF26-AF9CA0B7BFD4}.Debug|Any CPU.Build.0 = Debug|Any CPU
		{5182F343-84B1-4846-BF26-AF9CA0B7BFD4}.Release|Any CPU.ActiveCfg = Release|Any CPU
		{5182F343-84B1-4846-BF26-AF9CA0B7BFD4}.Release|Any CPU.Build.0 = Release|Any CPU
	EndGlobalSection
	GlobalSection(SolutionProperties) = preSolution
		HideSolutionNode = FALSE
	EndGlobalSection
EndGlobal
